
Microsoft Visual Studio Solution File, Format Version 12.00
# Visual Studio Version 17
VisualStudioVersion = 17.5.33627.172
MinimumVisualStudioVersion = 10.0.40219.1
Project("{FAE04EC0-301F-11D3-BF4B-00C04F79EFBC}") = "switch_case_meses", "switch_case_meses\switch_case_meses.csproj", "{D4E08545-A9D8-4DDF-A3E6-964DE682CB1D}"
EndProject
Global
	GlobalSection(SolutionConfigurationPlatforms) = preSolution
		Debug|Any CPU = Debug|Any CPU
		Release|Any CPU = Release|Any CPU
	EndGlobalSection
	GlobalSection(ProjectConfigurationPlatforms) = postSolution
		{D4E08545-A9D8-4DDF-A3E6-964DE682CB1D}.Debug|Any CPU.ActiveCfg = Debug|Any CPU
		{D4E08545-A9D8-4DDF-A3E6-964DE682CB1D}.Debug|Any CPU.Build.0 = Debug|Any CPU
		{D4E08545-A9D8-4DDF-A3E6-964DE682CB1D}.Release|Any CPU.ActiveCfg = Release|Any CPU
		{D4E08545-A9D8-4DDF-A3E6-964DE682CB1D}.Release|Any CPU.Build.0 = Release|Any CPU
	EndGlobalSection
	GlobalSection(SolutionProperties) = preSolution
		HideSolutionNode = FALSE
	EndGlobalSection
	GlobalSection(ExtensibilityGlobals) = postSolution
		SolutionGuid = {F74A0C9F-379E-4A00-8053-C9909700C9B2}
	EndGlobalSection
EndGlobal
