
Microsoft Visual Studio Solution File, Format Version 12.00
# Visual Studio Version 17
VisualStudioVersion = 17.6.33723.286
MinimumVisualStudioVersion = 10.0.40219.1
Project("{FAE04EC0-301F-11D3-BF4B-00C04F79EFBC}") = "menu simples", "menu simples\menu simples.csproj", "{EB25D202-536C-4A22-AA28-9BAC0CCBD5A8}"
EndProject
Global
	GlobalSection(SolutionConfigurationPlatforms) = preSolution
		Debug|Any CPU = Debug|Any CPU
		Release|Any CPU = Release|Any CPU
	EndGlobalSection
	GlobalSection(ProjectConfigurationPlatforms) = postSolution
		{EB25D202-536C-4A22-AA28-9BAC0CCBD5A8}.Debug|Any CPU.ActiveCfg = Debug|Any CPU
		{EB25D202-536C-4A22-AA28-9BAC0CCBD5A8}.Debug|Any CPU.Build.0 = Debug|Any CPU
		{EB25D202-536C-4A22-AA28-9BAC0CCBD5A8}.Release|Any CPU.ActiveCfg = Release|Any CPU
		{EB25D202-536C-4A22-AA28-9BAC0CCBD5A8}.Release|Any CPU.Build.0 = Release|Any CPU
	EndGlobalSection
	GlobalSection(SolutionProperties) = preSolution
		HideSolutionNode = FALSE
	EndGlobalSection
	GlobalSection(ExtensibilityGlobals) = postSolution
		SolutionGuid = {2C263EF8-4538-4676-B5B4-D1C0817A94E5}
	EndGlobalSection
EndGlobal
