
Microsoft Visual Studio Solution File, Format Version 12.00
# Visual Studio Version 17
VisualStudioVersion = 17.6.33723.286
MinimumVisualStudioVersion = 10.0.40219.1
Project("{FAE04EC0-301F-11D3-BF4B-00C04F79EFBC}") = "media de 2 notas para cada aluno", "media de 2 notas para cada aluno\media de 2 notas para cada aluno.csproj", "{FC157C5E-5801-41CF-87C4-CD0F35D40DFD}"
EndProject
Global
	GlobalSection(SolutionConfigurationPlatforms) = preSolution
		Debug|Any CPU = Debug|Any CPU
		Release|Any CPU = Release|Any CPU
	EndGlobalSection
	GlobalSection(ProjectConfigurationPlatforms) = postSolution
		{FC157C5E-5801-41CF-87C4-CD0F35D40DFD}.Debug|Any CPU.ActiveCfg = Debug|Any CPU
		{FC157C5E-5801-41CF-87C4-CD0F35D40DFD}.Debug|Any CPU.Build.0 = Debug|Any CPU
		{FC157C5E-5801-41CF-87C4-CD0F35D40DFD}.Release|Any CPU.ActiveCfg = Release|Any CPU
		{FC157C5E-5801-41CF-87C4-CD0F35D40DFD}.Release|Any CPU.Build.0 = Release|Any CPU
	EndGlobalSection
	GlobalSection(SolutionProperties) = preSolution
		HideSolutionNode = FALSE
	EndGlobalSection
	GlobalSection(ExtensibilityGlobals) = postSolution
		SolutionGuid = {81858833-3AD9-4D57-8082-B557F848AC0D}
	EndGlobalSection
EndGlobal
