
Microsoft Visual Studio Solution File, Format Version 12.00
# Visual Studio Version 17
VisualStudioVersion = 17.6.33723.286
MinimumVisualStudioVersion = 10.0.40219.1
Project("{FAE04EC0-301F-11D3-BF4B-00C04F79EFBC}") = "sequencia numerica", "sequencia numerica\sequencia numerica.csproj", "{D97F81B7-DF6A-4195-BBA8-DE2CFE9CDE02}"
EndProject
Global
	GlobalSection(SolutionConfigurationPlatforms) = preSolution
		Debug|Any CPU = Debug|Any CPU
		Release|Any CPU = Release|Any CPU
	EndGlobalSection
	GlobalSection(ProjectConfigurationPlatforms) = postSolution
		{D97F81B7-DF6A-4195-BBA8-DE2CFE9CDE02}.Debug|Any CPU.ActiveCfg = Debug|Any CPU
		{D97F81B7-DF6A-4195-BBA8-DE2CFE9CDE02}.Debug|Any CPU.Build.0 = Debug|Any CPU
		{D97F81B7-DF6A-4195-BBA8-DE2CFE9CDE02}.Release|Any CPU.ActiveCfg = Release|Any CPU
		{D97F81B7-DF6A-4195-BBA8-DE2CFE9CDE02}.Release|Any CPU.Build.0 = Release|Any CPU
	EndGlobalSection
	GlobalSection(SolutionProperties) = preSolution
		HideSolutionNode = FALSE
	EndGlobalSection
	GlobalSection(ExtensibilityGlobals) = postSolution
		SolutionGuid = {7CFBCF42-9B4C-4FCE-995B-CEAB3D74F831}
	EndGlobalSection
EndGlobal
