
Microsoft Visual Studio Solution File, Format Version 12.00
# Visual Studio Version 17
VisualStudioVersion = 17.6.33723.286
MinimumVisualStudioVersion = 10.0.40219.1
Project("{FAE04EC0-301F-11D3-BF4B-00C04F79EFBC}") = "lista de alunos, notas e media", "lista de alunos, notas e media\lista de alunos, notas e media.csproj", "{32BBB1F6-646A-4860-BEBC-A4455ECE98CA}"
EndProject
Global
	GlobalSection(SolutionConfigurationPlatforms) = preSolution
		Debug|Any CPU = Debug|Any CPU
		Release|Any CPU = Release|Any CPU
	EndGlobalSection
	GlobalSection(ProjectConfigurationPlatforms) = postSolution
		{32BBB1F6-646A-4860-BEBC-A4455ECE98CA}.Debug|Any CPU.ActiveCfg = Debug|Any CPU
		{32BBB1F6-646A-4860-BEBC-A4455ECE98CA}.Debug|Any CPU.Build.0 = Debug|Any CPU
		{32BBB1F6-646A-4860-BEBC-A4455ECE98CA}.Release|Any CPU.ActiveCfg = Release|Any CPU
		{32BBB1F6-646A-4860-BEBC-A4455ECE98CA}.Release|Any CPU.Build.0 = Release|Any CPU
	EndGlobalSection
	GlobalSection(SolutionProperties) = preSolution
		HideSolutionNode = FALSE
	EndGlobalSection
	GlobalSection(ExtensibilityGlobals) = postSolution
		SolutionGuid = {A079F14A-C57D-4B9A-BFB4-42D710EA8DC5}
	EndGlobalSection
EndGlobal
