
Microsoft Visual Studio Solution File, Format Version 12.00
# Visual Studio Version 17
VisualStudioVersion = 17.5.33627.172
MinimumVisualStudioVersion = 10.0.40219.1
Project("{FAE04EC0-301F-11D3-BF4B-00C04F79EFBC}") = "verificador numeral", "verificador numeral\verificador numeral.csproj", "{896CE14A-F89F-4EA0-80F2-87E5E467DFD2}"
EndProject
Global
	GlobalSection(SolutionConfigurationPlatforms) = preSolution
		Debug|Any CPU = Debug|Any CPU
		Release|Any CPU = Release|Any CPU
	EndGlobalSection
	GlobalSection(ProjectConfigurationPlatforms) = postSolution
		{896CE14A-F89F-4EA0-80F2-87E5E467DFD2}.Debug|Any CPU.ActiveCfg = Debug|Any CPU
		{896CE14A-F89F-4EA0-80F2-87E5E467DFD2}.Debug|Any CPU.Build.0 = Debug|Any CPU
		{896CE14A-F89F-4EA0-80F2-87E5E467DFD2}.Release|Any CPU.ActiveCfg = Release|Any CPU
		{896CE14A-F89F-4EA0-80F2-87E5E467DFD2}.Release|Any CPU.Build.0 = Release|Any CPU
	EndGlobalSection
	GlobalSection(SolutionProperties) = preSolution
		HideSolutionNode = FALSE
	EndGlobalSection
	GlobalSection(ExtensibilityGlobals) = postSolution
		SolutionGuid = {1D61A78D-369B-486F-A62F-0B28A269C315}
	EndGlobalSection
EndGlobal
