
Microsoft Visual Studio Solution File, Format Version 12.00
# Visual Studio Version 17
VisualStudioVersion = 17.6.33723.286
MinimumVisualStudioVersion = 10.0.40219.1
Project("{FAE04EC0-301F-11D3-BF4B-00C04F79EFBC}") = "nome e idade de estudantes de forma ordenada", "nome e idade de estudantes de forma ordenada\nome e idade de estudantes de forma ordenada.csproj", "{B77D2B61-D6A3-4C0A-8C79-27E8CE2DC137}"
EndProject
Global
	GlobalSection(SolutionConfigurationPlatforms) = preSolution
		Debug|Any CPU = Debug|Any CPU
		Release|Any CPU = Release|Any CPU
	EndGlobalSection
	GlobalSection(ProjectConfigurationPlatforms) = postSolution
		{B77D2B61-D6A3-4C0A-8C79-27E8CE2DC137}.Debug|Any CPU.ActiveCfg = Debug|Any CPU
		{B77D2B61-D6A3-4C0A-8C79-27E8CE2DC137}.Debug|Any CPU.Build.0 = Debug|Any CPU
		{B77D2B61-D6A3-4C0A-8C79-27E8CE2DC137}.Release|Any CPU.ActiveCfg = Release|Any CPU
		{B77D2B61-D6A3-4C0A-8C79-27E8CE2DC137}.Release|Any CPU.Build.0 = Release|Any CPU
	EndGlobalSection
	GlobalSection(SolutionProperties) = preSolution
		HideSolutionNode = FALSE
	EndGlobalSection
	GlobalSection(ExtensibilityGlobals) = postSolution
		SolutionGuid = {1B92F8B1-3C5A-437A-8489-CE36B11881C6}
	EndGlobalSection
EndGlobal
